
Microsoft Visual Studio Solution File, Format Version 12.00
# Visual Studio 15
VisualStudioVersion = 15.0.28307.271
MinimumVisualStudioVersion = 10.0.40219.1
Project("{FAE04EC0-301F-11D3-BF4B-00C04F79EFBC}") = "WebApplication45", "WebApplication45\WebApplication45.csproj", "{DF5DADEE-BD4D-44EA-8EB4-B807B0C582E1}"
EndProject
Global
	GlobalSection(SolutionConfigurationPlatforms) = preSolution
		Debug|Any CPU = Debug|Any CPU
		Release|Any CPU = Release|Any CPU
	EndGlobalSection
	GlobalSection(ProjectConfigurationPlatforms) = postSolution
		{DF5DADEE-BD4D-44EA-8EB4-B807B0C582E1}.Debug|Any CPU.ActiveCfg = Debug|Any CPU
		{DF5DADEE-BD4D-44EA-8EB4-B807B0C582E1}.Debug|Any CPU.Build.0 = Debug|Any CPU
		{DF5DADEE-BD4D-44EA-8EB4-B807B0C582E1}.Release|Any CPU.ActiveCfg = Release|Any CPU
		{DF5DADEE-BD4D-44EA-8EB4-B807B0C582E1}.Release|Any CPU.Build.0 = Release|Any CPU
	EndGlobalSection
	GlobalSection(SolutionProperties) = preSolution
		HideSolutionNode = FALSE
	EndGlobalSection
	GlobalSection(ExtensibilityGlobals) = postSolution
		SolutionGuid = {5C8B1AB0-7000-4E09-B1B9-723B7B907D5D}
	EndGlobalSection
EndGlobal
